// !$*UTF8*$!
{
	archiveVersion = 1;
	classes = {
	};
	objectVersion = 55;
	objects = {

/* Begin PBXBuildFile section */
		049DA5AB28F499AB00282699 /* AppDelegate.swift in Sources */ = {isa = PBXBuildFile; fileRef = 049DA5AA28F499AB00282699 /* AppDelegate.swift */; };
		049DA5AD28F499AB00282699 /* SceneDelegate.swift in Sources */ = {isa = PBXBuildFile; fileRef = 049DA5AC28F499AB00282699 /* SceneDelegate.swift */; };
		049DA5B228F499AB00282699 /* Main.storyboard in Resources */ = {isa = PBXBuildFile; fileRef = 049DA5B028F499AB00282699 /* Main.storyboard */; };
		049DA5B428F499AC00282699 /* Assets.xcassets in Resources */ = {isa = PBXBuildFile; fileRef = 049DA5B328F499AC00282699 /* Assets.xcassets */; };
		049DA5B728F499AC00282699 /* LaunchScreen.storyboard in Resources */ = {isa = PBXBuildFile; fileRef = 049DA5B528F499AC00282699 /* LaunchScreen.storyboard */; };
		049DA5C228F499AC00282699 /* ParstagramTests.swift in Sources */ = {isa = PBXBuildFile; fileRef = 049DA5C128F499AC00282699 /* ParstagramTests.swift */; };
		049DA5CC28F499AC00282699 /* ParstagramUITests.swift in Sources */ = {isa = PBXBuildFile; fileRef = 049DA5CB28F499AC00282699 /* ParstagramUITests.swift */; };
		049DA5CE28F499AC00282699 /* ParstagramUITestsLaunchTests.swift in Sources */ = {isa = PBXBuildFile; fileRef = 049DA5CD28F499AC00282699 /* ParstagramUITestsLaunchTests.swift */; };
		049DA5DC28F4A27400282699 /* AlamofireImage in Frameworks */ = {isa = PBXBuildFile; productRef = 049DA5DB28F4A27400282699 /* AlamofireImage */; };
		049DA5DE28F4A86C00282699 /* LoginViewController.swift in Sources */ = {isa = PBXBuildFile; fileRef = 049DA5DD28F4A86C00282699 /* LoginViewController.swift */; };
		049DA5E028F4A87E00282699 /* FeedViewController.swift in Sources */ = {isa = PBXBuildFile; fileRef = 049DA5DF28F4A87E00282699 /* FeedViewController.swift */; };
		049DA5E228F4B40500282699 /* CameraViewController.swift in Sources */ = {isa = PBXBuildFile; fileRef = 049DA5E128F4B40500282699 /* CameraViewController.swift */; };
		049DA5E428F4C02A00282699 /* PostCell.swift in Sources */ = {isa = PBXBuildFile; fileRef = 049DA5E328F4C02A00282699 /* PostCell.swift */; };
		157C6F5DBE94A1EA4EE0A3DF /* Pods_Parstagram.framework in Frameworks */ = {isa = PBXBuildFile; fileRef = C9602B8ADE0A24AAA483CC4C /* Pods_Parstagram.framework */; };
		A163CAE9C6E00B0859EBCEDE /* Pods_Parstagram_ParstagramUITests.framework in Frameworks */ = {isa = PBXBuildFile; fileRef = 09DC4F238A8240B0E237711D /* Pods_Parstagram_ParstagramUITests.framework */; };
		E997D8A1DF2FD8ED110D280D /* Pods_ParstagramTests.framework in Frameworks */ = {isa = PBXBuildFile; fileRef = 02381CB360A9A8C0D1C99777 /* Pods_ParstagramTests.framework */; };
/* End PBXBuildFile section */

/* Begin PBXContainerItemProxy section */
		049DA5BE28F499AC00282699 /* PBXContainerItemProxy */ = {
			isa = PBXContainerItemProxy;
			containerPortal = 049DA59F28F499AB00282699 /* Project object */;
			proxyType = 1;
			remoteGlobalIDString = 049DA5A628F499AB00282699;
			remoteInfo = Parstagram;
		};
		049DA5C828F499AC00282699 /* PBXContainerItemProxy */ = {
			isa = PBXContainerItemProxy;
			containerPortal = 049DA59F28F499AB00282699 /* Project object */;
			proxyType = 1;
			remoteGlobalIDString = 049DA5A628F499AB00282699;
			remoteInfo = Parstagram;
		};
/* End PBXContainerItemProxy section */

/* Begin PBXFileReference section */
		02381CB360A9A8C0D1C99777 /* Pods_ParstagramTests.framework */ = {isa = PBXFileReference; explicitFileType = wrapper.framework; includeInIndex = 0; path = Pods_ParstagramTests.framework; sourceTree = BUILT_PRODUCTS_DIR; };
		049DA5A728F499AB00282699 /* Parstagram.app */ = {isa = PBXFileReference; explicitFileType = wrapper.application; includeInIndex = 0; path = Parstagram.app; sourceTree = BUILT_PRODUCTS_DIR; };
		049DA5AA28F499AB00282699 /* AppDelegate.swift */ = {isa = PBXFileReference; lastKnownFileType = sourcecode.swift; path = AppDelegate.swift; sourceTree = "<group>"; };
		049DA5AC28F499AB00282699 /* SceneDelegate.swift */ = {isa = PBXFileReference; lastKnownFileType = sourcecode.swift; path = SceneDelegate.swift; sourceTree = "<group>"; };
		049DA5B128F499AB00282699 /* Base */ = {isa = PBXFileReference; lastKnownFileType = file.storyboard; name = Base; path = Base.lproj/Main.storyboard; sourceTree = "<group>"; };
		049DA5B328F499AC00282699 /* Assets.xcassets */ = {isa = PBXFileReference; lastKnownFileType = folder.assetcatalog; path = Assets.xcassets; sourceTree = "<group>"; };
		049DA5B628F499AC00282699 /* Base */ = {isa = PBXFileReference; lastKnownFileType = file.storyboard; name = Base; path = Base.lproj/LaunchScreen.storyboard; sourceTree = "<group>"; };
		049DA5B828F499AC00282699 /* Info.plist */ = {isa = PBXFileReference; lastKnownFileType = text.plist.xml; path = Info.plist; sourceTree = "<group>"; };
		049DA5BD28F499AC00282699 /* ParstagramTests.xctest */ = {isa = PBXFileReference; explicitFileType = wrapper.cfbundle; includeInIndex = 0; path = ParstagramTests.xctest; sourceTree = BUILT_PRODUCTS_DIR; };
		049DA5C128F499AC00282699 /* ParstagramTests.swift */ = {isa = PBXFileReference; lastKnownFileType = sourcecode.swift; path = ParstagramTests.swift; sourceTree = "<group>"; };
		049DA5C728F499AC00282699 /* ParstagramUITests.xctest */ = {isa = PBXFileReference; explicitFileType = wrapper.cfbundle; includeInIndex = 0; path = ParstagramUITests.xctest; sourceTree = BUILT_PRODUCTS_DIR; };
		049DA5CB28F499AC00282699 /* ParstagramUITests.swift */ = {isa = PBXFileReference; lastKnownFileType = sourcecode.swift; path = ParstagramUITests.swift; sourceTree = "<group>"; };
		049DA5CD28F499AC00282699 /* ParstagramUITestsLaunchTests.swift */ = {isa = PBXFileReference; lastKnownFileType = sourcecode.swift; path = ParstagramUITestsLaunchTests.swift; sourceTree = "<group>"; };
		049DA5DD28F4A86C00282699 /* LoginViewController.swift */ = {isa = PBXFileReference; lastKnownFileType = sourcecode.swift; path = LoginViewController.swift; sourceTree = "<group>"; };
		049DA5DF28F4A87E00282699 /* FeedViewController.swift */ = {isa = PBXFileReference; lastKnownFileType = sourcecode.swift; path = FeedViewController.swift; sourceTree = "<group>"; };
		049DA5E128F4B40500282699 /* CameraViewController.swift */ = {isa = PBXFileReference; lastKnownFileType = sourcecode.swift; path = CameraViewController.swift; sourceTree = "<group>"; };
		049DA5E328F4C02A00282699 /* PostCell.swift */ = {isa = PBXFileReference; lastKnownFileType = sourcecode.swift; path = PostCell.swift; sourceTree = "<group>"; };
		09DC4F238A8240B0E237711D /* Pods_Parstagram_ParstagramUITests.framework */ = {isa = PBXFileReference; explicitFileType = wrapper.framework; includeInIndex = 0; path = Pods_Parstagram_ParstagramUITests.framework; sourceTree = BUILT_PRODUCTS_DIR; };
		56EA7E429EC67B45ED3A7BEC /* Pods-Parstagram-ParstagramUITests.release.xcconfig */ = {isa = PBXFileReference; includeInIndex = 1; lastKnownFileType = text.xcconfig; name = "Pods-Parstagram-ParstagramUITests.release.xcconfig"; path = "Target Support Files/Pods-Parstagram-ParstagramUITests/Pods-Parstagram-ParstagramUITests.release.xcconfig"; sourceTree = "<group>"; };
		7FCAFCBA103E97B25FE20651 /* Pods-Parstagram-ParstagramUITests.debug.xcconfig */ = {isa = PBXFileReference; includeInIndex = 1; lastKnownFileType = text.xcconfig; name = "Pods-Parstagram-ParstagramUITests.debug.xcconfig"; path = "Target Support Files/Pods-Parstagram-ParstagramUITests/Pods-Parstagram-ParstagramUITests.debug.xcconfig"; sourceTree = "<group>"; };
		93C767E9EBDA8AAD3A354286 /* Pods-ParstagramTests.release.xcconfig */ = {isa = PBXFileReference; includeInIndex = 1; lastKnownFileType = text.xcconfig; name = "Pods-ParstagramTests.release.xcconfig"; path = "Target Support Files/Pods-ParstagramTests/Pods-ParstagramTests.release.xcconfig"; sourceTree = "<group>"; };
		C9602B8ADE0A24AAA483CC4C /* Pods_Parstagram.framework */ = {isa = PBXFileReference; explicitFileType = wrapper.framework; includeInIndex = 0; path = Pods_Parstagram.framework; sourceTree = BUILT_PRODUCTS_DIR; };
		E5510FDE51AE4F25DDEAA2CC /* Pods-ParstagramTests.debug.xcconfig */ = {isa = PBXFileReference; includeInIndex = 1; lastKnownFileType = text.xcconfig; name = "Pods-ParstagramTests.debug.xcconfig"; path = "Target Support Files/Pods-ParstagramTests/Pods-ParstagramTests.debug.xcconfig"; sourceTree = "<group>"; };
		F89F4F1130290D6B3C0D7371 /* Pods-Parstagram.debug.xcconfig */ = {isa = PBXFileReference; includeInIndex = 1; lastKnownFileType = text.xcconfig; name = "Pods-Parstagram.debug.xcconfig"; path = "Target Support Files/Pods-Parstagram/Pods-Parstagram.debug.xcconfig"; sourceTree = "<group>"; };
		F9E5B5F73AD264E225E1B540 /* Pods-Parstagram.release.xcconfig */ = {isa = PBXFileReference; includeInIndex = 1; lastKnownFileType = text.xcconfig; name = "Pods-Parstagram.release.xcconfig"; path = "Target Support Files/Pods-Parstagram/Pods-Parstagram.release.xcconfig"; sourceTree = "<group>"; };
/* End PBXFileReference section */

/* Begin PBXFrameworksBuildPhase section */
		049DA5A428F499AB00282699 /* Frameworks */ = {
			isa = PBXFrameworksBuildPhase;
			buildActionMask = 2147483647;
			files = (
				157C6F5DBE94A1EA4EE0A3DF /* Pods_Parstagram.framework in Frameworks */,
				049DA5DC28F4A27400282699 /* AlamofireImage in Frameworks */,
			);
			runOnlyForDeploymentPostprocessing = 0;
		};
		049DA5BA28F499AC00282699 /* Frameworks */ = {
			isa = PBXFrameworksBuildPhase;
			buildActionMask = 2147483647;
			files = (
				E997D8A1DF2FD8ED110D280D /* Pods_ParstagramTests.framework in Frameworks */,
			);
			runOnlyForDeploymentPostprocessing = 0;
		};
		049DA5C428F499AC00282699 /* Frameworks */ = {
			isa = PBXFrameworksBuildPhase;
			buildActionMask = 2147483647;
			files = (
				A163CAE9C6E00B0859EBCEDE /* Pods_Parstagram_ParstagramUITests.framework in Frameworks */,
			);
			runOnlyForDeploymentPostprocessing = 0;
		};
/* End PBXFrameworksBuildPhase section */

/* Begin PBXGroup section */
		049DA59E28F499AB00282699 = {
			isa = PBXGroup;
			children = (
				049DA5A928F499AB00282699 /* Parstagram */,
				049DA5C028F499AC00282699 /* ParstagramTests */,
				049DA5CA28F499AC00282699 /* ParstagramUITests */,
				049DA5A828F499AB00282699 /* Products */,
				CB8E119E77B5E5082A3D225B /* Pods */,
				982DA071DDD78FF6E3DC4D89 /* Frameworks */,
			);
			sourceTree = "<group>";
		};
		049DA5A828F499AB00282699 /* Products */ = {
			isa = PBXGroup;
			children = (
				049DA5A728F499AB00282699 /* Parstagram.app */,
				049DA5BD28F499AC00282699 /* ParstagramTests.xctest */,
				049DA5C728F499AC00282699 /* ParstagramUITests.xctest */,
			);
			name = Products;
			sourceTree = "<group>";
		};
		049DA5A928F499AB00282699 /* Parstagram */ = {
			isa = PBXGroup;
			children = (
				049DA5AA28F499AB00282699 /* AppDelegate.swift */,
				049DA5AC28F499AB00282699 /* SceneDelegate.swift */,
				049DA5B028F499AB00282699 /* Main.storyboard */,
				049DA5B328F499AC00282699 /* Assets.xcassets */,
				049DA5B528F499AC00282699 /* LaunchScreen.storyboard */,
				049DA5B828F499AC00282699 /* Info.plist */,
				049DA5DD28F4A86C00282699 /* LoginViewController.swift */,
				049DA5DF28F4A87E00282699 /* FeedViewController.swift */,
				049DA5E128F4B40500282699 /* CameraViewController.swift */,
				049DA5E328F4C02A00282699 /* PostCell.swift */,
			);
			path = Parstagram;
			sourceTree = "<group>";
		};
		049DA5C028F499AC00282699 /* ParstagramTests */ = {
			isa = PBXGroup;
			children = (
				049DA5C128F499AC00282699 /* ParstagramTests.swift */,
			);
			path = ParstagramTests;
			sourceTree = "<group>";
		};
		049DA5CA28F499AC00282699 /* ParstagramUITests */ = {
			isa = PBXGroup;
			children = (
				049DA5CB28F499AC00282699 /* ParstagramUITests.swift */,
				049DA5CD28F499AC00282699 /* ParstagramUITestsLaunchTests.swift */,
			);
			path = ParstagramUITests;
			sourceTree = "<group>";
		};
		982DA071DDD78FF6E3DC4D89 /* Frameworks */ = {
			isa = PBXGroup;
			children = (
				C9602B8ADE0A24AAA483CC4C /* Pods_Parstagram.framework */,
				09DC4F238A8240B0E237711D /* Pods_Parstagram_ParstagramUITests.framework */,
				02381CB360A9A8C0D1C99777 /* Pods_ParstagramTests.framework */,
			);
			name = Frameworks;
			sourceTree = "<group>";
		};
		CB8E119E77B5E5082A3D225B /* Pods */ = {
			isa = PBXGroup;
			children = (
				F89F4F1130290D6B3C0D7371 /* Pods-Parstagram.debug.xcconfig */,
				F9E5B5F73AD264E225E1B540 /* Pods-Parstagram.release.xcconfig */,
				7FCAFCBA103E97B25FE20651 /* Pods-Parstagram-ParstagramUITests.debug.xcconfig */,
				56EA7E429EC67B45ED3A7BEC /* Pods-Parstagram-ParstagramUITests.release.xcconfig */,
				E5510FDE51AE4F25DDEAA2CC /* Pods-ParstagramTests.debug.xcconfig */,
				93C767E9EBDA8AAD3A354286 /* Pods-ParstagramTests.release.xcconfig */,
			);
			path = Pods;
			sourceTree = "<group>";
		};
/* End PBXGroup section */

/* Begin PBXNativeTarget section */
		049DA5A628F499AB00282699 /* Parstagram */ = {
			isa = PBXNativeTarget;
			buildConfigurationList = 049DA5D128F499AC00282699 /* Build configuration list for PBXNativeTarget "Parstagram" */;
			buildPhases = (
				B77C3333AA3B35769E779046 /* [CP] Check Pods Manifest.lock */,
				049DA5A328F499AB00282699 /* Sources */,
				049DA5A428F499AB00282699 /* Frameworks */,
				049DA5A528F499AB00282699 /* Resources */,
				2FE406EB5CEA0C8B8537EEDE /* [CP] Embed Pods Frameworks */,
			);
			buildRules = (
			);
			dependencies = (
			);
			name = Parstagram;
			packageProductDependencies = (
				049DA5DB28F4A27400282699 /* AlamofireImage */,
			);
			productName = Parstagram;
			productReference = 049DA5A728F499AB00282699 /* Parstagram.app */;
			productType = "com.apple.product-type.application";
		};
		049DA5BC28F499AC00282699 /* ParstagramTests */ = {
			isa = PBXNativeTarget;
			buildConfigurationList = 049DA5D428F499AC00282699 /* Build configuration list for PBXNativeTarget "ParstagramTests" */;
			buildPhases = (
				80BA7093F9CF3E108CD8B30B /* [CP] Check Pods Manifest.lock */,
				049DA5B928F499AC00282699 /* Sources */,
				049DA5BA28F499AC00282699 /* Frameworks */,
				049DA5BB28F499AC00282699 /* Resources */,
			);
			buildRules = (
			);
			dependencies = (
				049DA5BF28F499AC00282699 /* PBXTargetDependency */,
			);
			name = ParstagramTests;
			productName = ParstagramTests;
			productReference = 049DA5BD28F499AC00282699 /* ParstagramTests.xctest */;
			productType = "com.apple.product-type.bundle.unit-test";
		};
		049DA5C628F499AC00282699 /* ParstagramUITests */ = {
			isa = PBXNativeTarget;
			buildConfigurationList = 049DA5D728F499AC00282699 /* Build configuration list for PBXNativeTarget "ParstagramUITests" */;
			buildPhases = (
				5306303FEA9CD502A1D23115 /* [CP] Check Pods Manifest.lock */,
				049DA5C328F499AC00282699 /* Sources */,
				049DA5C428F499AC00282699 /* Frameworks */,
				049DA5C528F499AC00282699 /* Resources */,
				789AA403110CC76F0EF65EB1 /* [CP] Embed Pods Frameworks */,
			);
			buildRules = (
			);
			dependencies = (
				049DA5C928F499AC00282699 /* PBXTargetDependency */,
			);
			name = ParstagramUITests;
			productName = ParstagramUITests;
			productReference = 049DA5C728F499AC00282699 /* ParstagramUITests.xctest */;
			productType = "com.apple.product-type.bundle.ui-testing";
		};
/* End PBXNativeTarget section */

/* Begin PBXProject section */
		049DA59F28F499AB00282699 /* Project object */ = {
			isa = PBXProject;
			attributes = {
				BuildIndependentTargetsInParallel = 1;
				LastSwiftUpdateCheck = 1340;
				LastUpgradeCheck = 1340;
				TargetAttributes = {
					049DA5A628F499AB00282699 = {
						CreatedOnToolsVersion = 13.4.1;
					};
					049DA5BC28F499AC00282699 = {
						CreatedOnToolsVersion = 13.4.1;
						TestTargetID = 049DA5A628F499AB00282699;
					};
					049DA5C628F499AC00282699 = {
						CreatedOnToolsVersion = 13.4.1;
						TestTargetID = 049DA5A628F499AB00282699;
					};
				};
			};
			buildConfigurationList = 049DA5A228F499AB00282699 /* Build configuration list for PBXProject "Parstagram" */;
			compatibilityVersion = "Xcode 13.0";
			developmentRegion = en;
			hasScannedForEncodings = 0;
			knownRegions = (
				en,
				Base,
			);
			mainGroup = 049DA59E28F499AB00282699;
			packageReferences = (
				049DA5DA28F4A27400282699 /* XCRemoteSwiftPackageReference "AlamofireImage" */,
			);
			productRefGroup = 049DA5A828F499AB00282699 /* Products */;
			projectDirPath = "";
			projectRoot = "";
			targets = (
				049DA5A628F499AB00282699 /* Parstagram */,
				049DA5BC28F499AC00282699 /* ParstagramTests */,
				049DA5C628F499AC00282699 /* ParstagramUITests */,
			);
		};
/* End PBXProject section */

/* Begin PBXResourcesBuildPhase section */
		049DA5A528F499AB00282699 /* Resources */ = {
			isa = PBXResourcesBuildPhase;
			buildActionMask = 2147483647;
			files = (
				049DA5B728F499AC00282699 /* LaunchScreen.storyboard in Resources */,
				049DA5B428F499AC00282699 /* Assets.xcassets in Resources */,
				049DA5B228F499AB00282699 /* Main.storyboard in Resources */,
			);
			runOnlyForDeploymentPostprocessing = 0;
		};
		049DA5BB28F499AC00282699 /* Resources */ = {
			isa = PBXResourcesBuildPhase;
			buildActionMask = 2147483647;
			files = (
			);
			runOnlyForDeploymentPostprocessing = 0;
		};
		049DA5C528F499AC00282699 /* Resources */ = {
			isa = PBXResourcesBuildPhase;
			buildActionMask = 2147483647;
			files = (
			);
			runOnlyForDeploymentPostprocessing = 0;
		};
/* End PBXResourcesBuildPhase section */

/* Begin PBXShellScriptBuildPhase section */
		2FE406EB5CEA0C8B8537EEDE /* [CP] Embed Pods Frameworks */ = {
			isa = PBXShellScriptBuildPhase;
			buildActionMask = 2147483647;
			files = (
			);
			inputFileListPaths = (
				"${PODS_ROOT}/Target Support Files/Pods-Parstagram/Pods-Parstagram-frameworks-${CONFIGURATION}-input-files.xcfilelist",
			);
			name = "[CP] Embed Pods Frameworks";
			outputFileListPaths = (
				"${PODS_ROOT}/Target Support Files/Pods-Parstagram/Pods-Parstagram-frameworks-${CONFIGURATION}-output-files.xcfilelist",
			);
			runOnlyForDeploymentPostprocessing = 0;
			shellPath = /bin/sh;
			shellScript = "\"${PODS_ROOT}/Target Support Files/Pods-Parstagram/Pods-Parstagram-frameworks.sh\"\n";
			showEnvVarsInLog = 0;
		};
		5306303FEA9CD502A1D23115 /* [CP] Check Pods Manifest.lock */ = {
			isa = PBXShellScriptBuildPhase;
			buildActionMask = 2147483647;
			files = (
			);
			inputFileListPaths = (
			);
			inputPaths = (
				"${PODS_PODFILE_DIR_PATH}/Podfile.lock",
				"${PODS_ROOT}/Manifest.lock",
			);
			name = "[CP] Check Pods Manifest.lock";
			outputFileListPaths = (
			);
			outputPaths = (
				"$(DERIVED_FILE_DIR)/Pods-Parstagram-ParstagramUITests-checkManifestLockResult.txt",
			);
			runOnlyForDeploymentPostprocessing = 0;
			shellPath = /bin/sh;
			shellScript = "diff \"${PODS_PODFILE_DIR_PATH}/Podfile.lock\" \"${PODS_ROOT}/Manifest.lock\" > /dev/null\nif [ $? != 0 ] ; then\n    # print error to STDERR\n    echo \"error: The sandbox is not in sync with the Podfile.lock. Run 'pod install' or update your CocoaPods installation.\" >&2\n    exit 1\nfi\n# This output is used by Xcode 'outputs' to avoid re-running this script phase.\necho \"SUCCESS\" > \"${SCRIPT_OUTPUT_FILE_0}\"\n";
			showEnvVarsInLog = 0;
		};
		789AA403110CC76F0EF65EB1 /* [CP] Embed Pods Frameworks */ = {
			isa = PBXShellScriptBuildPhase;
			buildActionMask = 2147483647;
			files = (
			);
			inputFileListPaths = (
				"${PODS_ROOT}/Target Support Files/Pods-Parstagram-ParstagramUITests/Pods-Parstagram-ParstagramUITests-frameworks-${CONFIGURATION}-input-files.xcfilelist",
			);
			name = "[CP] Embed Pods Frameworks";
			outputFileListPaths = (
				"${PODS_ROOT}/Target Support Files/Pods-Parstagram-ParstagramUITests/Pods-Parstagram-ParstagramUITests-frameworks-${CONFIGURATION}-output-files.xcfilelist",
			);
			runOnlyForDeploymentPostprocessing = 0;
			shellPath = /bin/sh;
			shellScript = "\"${PODS_ROOT}/Target Support Files/Pods-Parstagram-ParstagramUITests/Pods-Parstagram-ParstagramUITests-frameworks.sh\"\n";
			showEnvVarsInLog = 0;
		};
		80BA7093F9CF3E108CD8B30B /* [CP] Check Pods Manifest.lock */ = {
			isa = PBXShellScriptBuildPhase;
			buildActionMask = 2147483647;
			files = (
			);
			inputFileListPaths = (
			);
			inputPaths = (
				"${PODS_PODFILE_DIR_PATH}/Podfile.lock",
				"${PODS_ROOT}/Manifest.lock",
			);
			name = "[CP] Check Pods Manifest.lock";
			outputFileListPaths = (
			);
			outputPaths = (
				"$(DERIVED_FILE_DIR)/Pods-ParstagramTests-checkManifestLockResult.txt",
			);
			runOnlyForDeploymentPostprocessing = 0;
			shellPath = /bin/sh;
			shellScript = "diff \"${PODS_PODFILE_DIR_PATH}/Podfile.lock\" \"${PODS_ROOT}/Manifest.lock\" > /dev/null\nif [ $? != 0 ] ; then\n    # print error to STDERR\n    echo \"error: The sandbox is not in sync with the Podfile.lock. Run 'pod install' or update your CocoaPods installation.\" >&2\n    exit 1\nfi\n# This output is used by Xcode 'outputs' to avoid re-running this script phase.\necho \"SUCCESS\" > \"${SCRIPT_OUTPUT_FILE_0}\"\n";
			showEnvVarsInLog = 0;
		};
		B77C3333AA3B35769E779046 /* [CP] Check Pods Manifest.lock */ = {
			isa = PBXShellScriptBuildPhase;
			buildActionMask = 2147483647;
			files = (
			);
			inputFileListPaths = (
			);
			inputPaths = (
				"${PODS_PODFILE_DIR_PATH}/Podfile.lock",
				"${PODS_ROOT}/Manifest.lock",
			);
			name = "[CP] Check Pods Manifest.lock";
			outputFileListPaths = (
			);
			outputPaths = (
				"$(DERIVED_FILE_DIR)/Pods-Parstagram-checkManifestLockResult.txt",
			);
			runOnlyForDeploymentPostprocessing = 0;
			shellPath = /bin/sh;
			shellScript = "diff \"${PODS_PODFILE_DIR_PATH}/Podfile.lock\" \"${PODS_ROOT}/Manifest.lock\" > /dev/null\nif [ $? != 0 ] ; then\n    # print error to STDERR\n    echo \"error: The sandbox is not in sync with the Podfile.lock. Run 'pod install' or update your CocoaPods installation.\" >&2\n    exit 1\nfi\n# This output is used by Xcode 'outputs' to avoid re-running this script phase.\necho \"SUCCESS\" > \"${SCRIPT_OUTPUT_FILE_0}\"\n";
			showEnvVarsInLog = 0;
		};
/* End PBXShellScriptBuildPhase section */

/* Begin PBXSourcesBuildPhase section */
		049DA5A328F499AB00282699 /* Sources */ = {
			isa = PBXSourcesBuildPhase;
			buildActionMask = 2147483647;
			files = (
				049DA5DE28F4A86C00282699 /* LoginViewController.swift in Sources */,
				049DA5E228F4B40500282699 /* CameraViewController.swift in Sources */,
				049DA5AB28F499AB00282699 /* AppDelegate.swift in Sources */,
				049DA5E028F4A87E00282699 /* FeedViewController.swift in Sources */,
				049DA5AD28F499AB00282699 /* SceneDelegate.swift in Sources */,
				049DA5E428F4C02A00282699 /* PostCell.swift in Sources */,
			);
			runOnlyForDeploymentPostprocessing = 0;
		};
		049DA5B928F499AC00282699 /* Sources */ = {
			isa = PBXSourcesBuildPhase;
			buildActionMask = 2147483647;
			files = (
				049DA5C228F499AC00282699 /* ParstagramTests.swift in Sources */,
			);
			runOnlyForDeploymentPostprocessing = 0;
		};
		049DA5C328F499AC00282699 /* Sources */ = {
			isa = PBXSourcesBuildPhase;
			buildActionMask = 2147483647;
			files = (
				049DA5CE28F499AC00282699 /* ParstagramUITestsLaunchTests.swift in Sources */,
				049DA5CC28F499AC00282699 /* ParstagramUITests.swift in Sources */,
			);
			runOnlyForDeploymentPostprocessing = 0;
		};
/* End PBXSourcesBuildPhase section */

/* Begin PBXTargetDependency section */
		049DA5BF28F499AC00282699 /* PBXTargetDependency */ = {
			isa = PBXTargetDependency;
			target = 049DA5A628F499AB00282699 /* Parstagram */;
			targetProxy = 049DA5BE28F499AC00282699 /* PBXContainerItemProxy */;
		};
		049DA5C928F499AC00282699 /* PBXTargetDependency */ = {
			isa = PBXTargetDependency;
			target = 049DA5A628F499AB00282699 /* Parstagram */;
			targetProxy = 049DA5C828F499AC00282699 /* PBXContainerItemProxy */;
		};
/* End PBXTargetDependency section */

/* Begin PBXVariantGroup section */
		049DA5B028F499AB00282699 /* Main.storyboard */ = {
			isa = PBXVariantGroup;
			children = (
				049DA5B128F499AB00282699 /* Base */,
			);
			name = Main.storyboard;
			sourceTree = "<group>";
		};
		049DA5B528F499AC00282699 /* LaunchScreen.storyboard */ = {
			isa = PBXVariantGroup;
			children = (
				049DA5B628F499AC00282699 /* Base */,
			);
			name = LaunchScreen.storyboard;
			sourceTree = "<group>";
		};
/* End PBXVariantGroup section */

/* Begin XCBuildConfiguration section */
		049DA5CF28F499AC00282699 /* Debug */ = {
			isa = XCBuildConfiguration;
			buildSettings = {
				ALWAYS_SEARCH_USER_PATHS = NO;
				CLANG_ANALYZER_NONNULL = YES;
				CLANG_ANALYZER_NUMBER_OBJECT_CONVERSION = YES_AGGRESSIVE;
				CLANG_CXX_LANGUAGE_STANDARD = "gnu++17";
				CLANG_ENABLE_MODULES = YES;
				CLANG_ENABLE_OBJC_ARC = YES;
				CLANG_ENABLE_OBJC_WEAK = YES;
				CLANG_WARN_BLOCK_CAPTURE_AUTORELEASING = YES;
				CLANG_WARN_BOOL_CONVERSION = YES;
				CLANG_WARN_COMMA = YES;
				CLANG_WARN_CONSTANT_CONVERSION = YES;
				CLANG_WARN_DEPRECATED_OBJC_IMPLEMENTATIONS = YES;
				CLANG_WARN_DIRECT_OBJC_ISA_USAGE = YES_ERROR;
				CLANG_WARN_DOCUMENTATION_COMMENTS = YES;
				CLANG_WARN_EMPTY_BODY = YES;
				CLANG_WARN_ENUM_CONVERSION = YES;
				CLANG_WARN_INFINITE_RECURSION = YES;
				CLANG_WARN_INT_CONVERSION = YES;
				CLANG_WARN_NON_LITERAL_NULL_CONVERSION = YES;
				CLANG_WARN_OBJC_IMPLICIT_RETAIN_SELF = YES;
				CLANG_WARN_OBJC_LITERAL_CONVERSION = YES;
				CLANG_WARN_OBJC_ROOT_CLASS = YES_ERROR;
				CLANG_WARN_QUOTED_INCLUDE_IN_FRAMEWORK_HEADER = YES;
				CLANG_WARN_RANGE_LOOP_ANALYSIS = YES;
				CLANG_WARN_STRICT_PROTOTYPES = YES;
				CLANG_WARN_SUSPICIOUS_MOVE = YES;
				CLANG_WARN_UNGUARDED_AVAILABILITY = YES_AGGRESSIVE;
				CLANG_WARN_UNREACHABLE_CODE = YES;
				CLANG_WARN__DUPLICATE_METHOD_MATCH = YES;
				COPY_PHASE_STRIP = NO;
				DEBUG_INFORMATION_FORMAT = dwarf;
				ENABLE_STRICT_OBJC_MSGSEND = YES;
				ENABLE_TESTABILITY = YES;
				GCC_C_LANGUAGE_STANDARD = gnu11;
				GCC_DYNAMIC_NO_PIC = NO;
				GCC_NO_COMMON_BLOCKS = YES;
				GCC_OPTIMIZATION_LEVEL = 0;
				GCC_PREPROCESSOR_DEFINITIONS = (
					"DEBUG=1",
					"$(inherited)",
				);
				GCC_WARN_64_TO_32_BIT_CONVERSION = YES;
				GCC_WARN_ABOUT_RETURN_TYPE = YES_ERROR;
				GCC_WARN_UNDECLARED_SELECTOR = YES;
				GCC_WARN_UNINITIALIZED_AUTOS = YES_AGGRESSIVE;
				GCC_WARN_UNUSED_FUNCTION = YES;
				GCC_WARN_UNUSED_VARIABLE = YES;
				IPHONEOS_DEPLOYMENT_TARGET = 15.5;
				MTL_ENABLE_DEBUG_INFO = INCLUDE_SOURCE;
				MTL_FAST_MATH = YES;
				ONLY_ACTIVE_ARCH = YES;
				SDKROOT = iphoneos;
				SWIFT_ACTIVE_COMPILATION_CONDITIONS = DEBUG;
				SWIFT_OPTIMIZATION_LEVEL = "-Onone";
			};
			name = Debug;
		};
		049DA5D028F499AC00282699 /* Release */ = {
			isa = XCBuildConfiguration;
			buildSettings = {
				ALWAYS_SEARCH_USER_PATHS = NO;
				CLANG_ANALYZER_NONNULL = YES;
				CLANG_ANALYZER_NUMBER_OBJECT_CONVERSION = YES_AGGRESSIVE;
				CLANG_CXX_LANGUAGE_STANDARD = "gnu++17";
				CLANG_ENABLE_MODULES = YES;
				CLANG_ENABLE_OBJC_ARC = YES;
				CLANG_ENABLE_OBJC_WEAK = YES;
				CLANG_WARN_BLOCK_CAPTURE_AUTORELEASING = YES;
				CLANG_WARN_BOOL_CONVERSION = YES;
				CLANG_WARN_COMMA = YES;
				CLANG_WARN_CONSTANT_CONVERSION = YES;
				CLANG_WARN_DEPRECATED_OBJC_IMPLEMENTATIONS = YES;
				CLANG_WARN_DIRECT_OBJC_ISA_USAGE = YES_ERROR;
				CLANG_WARN_DOCUMENTATION_COMMENTS = YES;
				CLANG_WARN_EMPTY_BODY = YES;
				CLANG_WARN_ENUM_CONVERSION = YES;
				CLANG_WARN_INFINITE_RECURSION = YES;
				CLANG_WARN_INT_CONVERSION = YES;
				CLANG_WARN_NON_LITERAL_NULL_CONVERSION = YES;
				CLANG_WARN_OBJC_IMPLICIT_RETAIN_SELF = YES;
				CLANG_WARN_OBJC_LITERAL_CONVERSION = YES;
				CLANG_WARN_OBJC_ROOT_CLASS = YES_ERROR;
				CLANG_WARN_QUOTED_INCLUDE_IN_FRAMEWORK_HEADER = YES;
				CLANG_WARN_RANGE_LOOP_ANALYSIS = YES;
				CLANG_WARN_STRICT_PROTOTYPES = YES;
				CLANG_WARN_SUSPICIOUS_MOVE = YES;
				CLANG_WARN_UNGUARDED_AVAILABILITY = YES_AGGRESSIVE;
				CLANG_WARN_UNREACHABLE_CODE = YES;
				CLANG_WARN__DUPLICATE_METHOD_MATCH = YES;
				COPY_PHASE_STRIP = NO;
				DEBUG_INFORMATION_FORMAT = "dwarf-with-dsym";
				ENABLE_NS_ASSERTIONS = NO;
				ENABLE_STRICT_OBJC_MSGSEND = YES;
				GCC_C_LANGUAGE_STANDARD = gnu11;
				GCC_NO_COMMON_BLOCKS = YES;
				GCC_WARN_64_TO_32_BIT_CONVERSION = YES;
				GCC_WARN_ABOUT_RETURN_TYPE = YES_ERROR;
				GCC_WARN_UNDECLARED_SELECTOR = YES;
				GCC_WARN_UNINITIALIZED_AUTOS = YES_AGGRESSIVE;
				GCC_WARN_UNUSED_FUNCTION = YES;
				GCC_WARN_UNUSED_VARIABLE = YES;
				IPHONEOS_DEPLOYMENT_TARGET = 15.5;
				MTL_ENABLE_DEBUG_INFO = NO;
				MTL_FAST_MATH = YES;
				SDKROOT = iphoneos;
				SWIFT_COMPILATION_MODE = wholemodule;
				SWIFT_OPTIMIZATION_LEVEL = "-O";
				VALIDATE_PRODUCT = YES;
			};
			name = Release;
		};
		049DA5D228F499AC00282699 /* Debug */ = {
			isa = XCBuildConfiguration;
			baseConfigurationReference = F89F4F1130290D6B3C0D7371 /* Pods-Parstagram.debug.xcconfig */;
			buildSettings = {
				ASSETCATALOG_COMPILER_APPICON_NAME = AppIcon;
				ASSETCATALOG_COMPILER_GLOBAL_ACCENT_COLOR_NAME = AccentColor;
				CODE_SIGN_STYLE = Automatic;
				CURRENT_PROJECT_VERSION = 1;
				DEVELOPMENT_TEAM = LRK9AGDFYA;
				GENERATE_INFOPLIST_FILE = YES;
				INFOPLIST_FILE = Parstagram/Info.plist;
				INFOPLIST_KEY_UIApplicationSupportsIndirectInputEvents = YES;
				INFOPLIST_KEY_UILaunchStoryboardName = LaunchScreen;
				INFOPLIST_KEY_UIMainStoryboardFile = Main;
				INFOPLIST_KEY_UISupportedInterfaceOrientations_iPad = "UIInterfaceOrientationPortrait UIInterfaceOrientationPortraitUpsideDown UIInterfaceOrientationLandscapeLeft UIInterfaceOrientationLandscapeRight";
				INFOPLIST_KEY_UISupportedInterfaceOrientations_iPhone = "UIInterfaceOrientationPortrait UIInterfaceOrientationLandscapeLeft UIInterfaceOrientationLandscapeRight";
				LD_RUNPATH_SEARCH_PATHS = (
					"$(inherited)",
					"@executable_path/Frameworks",
				);
				MARKETING_VERSION = 1.0;
				PRODUCT_BUNDLE_IDENTIFIER = "com.jamesly.c-icloud.Parstagram";
				PRODUCT_NAME = "$(TARGET_NAME)";
				SWIFT_EMIT_LOC_STRINGS = YES;
				SWIFT_VERSION = 5.0;
				TARGETED_DEVICE_FAMILY = "1,2";
			};
			name = Debug;
		};
		049DA5D328F499AC00282699 /* Release */ = {
			isa = XCBuildConfiguration;
			baseConfigurationReference = F9E5B5F73AD264E225E1B540 /* Pods-Parstagram.release.xcconfig */;
			buildSettings = {
				ASSETCATALOG_COMPILER_APPICON_NAME = AppIcon;
				ASSETCATALOG_COMPILER_GLOBAL_ACCENT_COLOR_NAME = AccentColor;
				CODE_SIGN_STYLE = Automatic;
				CURRENT_PROJECT_VERSION = 1;
				DEVELOPMENT_TEAM = LRK9AGDFYA;
				GENERATE_INFOPLIST_FILE = YES;
				INFOPLIST_FILE = Parstagram/Info.plist;
				INFOPLIST_KEY_UIApplicationSupportsIndirectInputEvents = YES;
				INFOPLIST_KEY_UILaunchStoryboardName = LaunchScreen;
				INFOPLIST_KEY_UIMainStoryboardFile = Main;
				INFOPLIST_KEY_UISupportedInterfaceOrientations_iPad = "UIInterfaceOrientationPortrait UIInterfaceOrientationPortraitUpsideDown UIInterfaceOrientationLandscapeLeft UIInterfaceOrientationLandscapeRight";
				INFOPLIST_KEY_UISupportedInterfaceOrientations_iPhone = "UIInterfaceOrientationPortrait UIInterfaceOrientationLandscapeLeft UIInterfaceOrientationLandscapeRight";
				LD_RUNPATH_SEARCH_PATHS = (
					"$(inherited)",
					"@executable_path/Frameworks",
				);
				MARKETING_VERSION = 1.0;
				PRODUCT_BUNDLE_IDENTIFIER = "com.jamesly.c-icloud.Parstagram";
				PRODUCT_NAME = "$(TARGET_NAME)";
				SWIFT_EMIT_LOC_STRINGS = YES;
				SWIFT_VERSION = 5.0;
				TARGETED_DEVICE_FAMILY = "1,2";
			};
			name = Release;
		};
		049DA5D528F499AC00282699 /* Debug */ = {
			isa = XCBuildConfiguration;
			baseConfigurationReference = E5510FDE51AE4F25DDEAA2CC /* Pods-ParstagramTests.debug.xcconfig */;
			buildSettings = {
				ALWAYS_EMBED_SWIFT_STANDARD_LIBRARIES = YES;
				BUNDLE_LOADER = "$(TEST_HOST)";
				CODE_SIGN_STYLE = Automatic;
				CURRENT_PROJECT_VERSION = 1;
				DEVELOPMENT_TEAM = LRK9AGDFYA;
				GENERATE_INFOPLIST_FILE = YES;
				IPHONEOS_DEPLOYMENT_TARGET = 15.5;
				MARKETING_VERSION = 1.0;
				PRODUCT_BUNDLE_IDENTIFIER = "com.jamesly.c-icloud.ParstagramTests";
				PRODUCT_NAME = "$(TARGET_NAME)";
				SWIFT_EMIT_LOC_STRINGS = NO;
				SWIFT_VERSION = 5.0;
				TARGETED_DEVICE_FAMILY = "1,2";
				TEST_HOST = "$(BUILT_PRODUCTS_DIR)/Parstagram.app/Parstagram";
			};
			name = Debug;
		};
		049DA5D628F499AC00282699 /* Release */ = {
			isa = XCBuildConfiguration;
			baseConfigurationReference = 93C767E9EBDA8AAD3A354286 /* Pods-ParstagramTests.release.xcconfig */;
			buildSettings = {
				ALWAYS_EMBED_SWIFT_STANDARD_LIBRARIES = YES;
				BUNDLE_LOADER = "$(TEST_HOST)";
				CODE_SIGN_STYLE = Automatic;
				CURRENT_PROJECT_VERSION = 1;
				DEVELOPMENT_TEAM = LRK9AGDFYA;
				GENERATE_INFOPLIST_FILE = YES;
				IPHONEOS_DEPLOYMENT_TARGET = 15.5;
				MARKETING_VERSION = 1.0;
				PRODUCT_BUNDLE_IDENTIFIER = "com.jamesly.c-icloud.ParstagramTests";
				PRODUCT_NAME = "$(TARGET_NAME)";
				SWIFT_EMIT_LOC_STRINGS = NO;
				SWIFT_VERSION = 5.0;
				TARGETED_DEVICE_FAMILY = "1,2";
				TEST_HOST = "$(BUILT_PRODUCTS_DIR)/Parstagram.app/Parstagram";
			};
			name = Release;
		};
		049DA5D828F499AC00282699 /* Debug */ = {
			isa = XCBuildConfiguration;
			baseConfigurationReference = 7FCAFCBA103E97B25FE20651 /* Pods-Parstagram-ParstagramUITests.debug.xcconfig */;
			buildSettings = {
				ALWAYS_EMBED_SWIFT_STANDARD_LIBRARIES = YES;
				CODE_SIGN_STYLE = Automatic;
				CURRENT_PROJECT_VERSION = 1;
				DEVELOPMENT_TEAM = LRK9AGDFYA;
				GENERATE_INFOPLIST_FILE = YES;
				MARKETING_VERSION = 1.0;
				PRODUCT_BUNDLE_IDENTIFIER = "com.jamesly.c-icloud.ParstagramUITests";
				PRODUCT_NAME = "$(TARGET_NAME)";
				SWIFT_EMIT_LOC_STRINGS = NO;
				SWIFT_VERSION = 5.0;
				TARGETED_DEVICE_FAMILY = "1,2";
				TEST_TARGET_NAME = Parstagram;
			};
			name = Debug;
		};
		049DA5D928F499AC00282699 /* Release */ = {
			isa = XCBuildConfiguration;
			baseConfigurationReference = 56EA7E429EC67B45ED3A7BEC /* Pods-Parstagram-ParstagramUITests.release.xcconfig */;
			buildSettings = {
				ALWAYS_EMBED_SWIFT_STANDARD_LIBRARIES = YES;
				CODE_SIGN_STYLE = Automatic;
				CURRENT_PROJECT_VERSION = 1;
				DEVELOPMENT_TEAM = LRK9AGDFYA;
				GENERATE_INFOPLIST_FILE = YES;
				MARKETING_VERSION = 1.0;
				PRODUCT_BUNDLE_IDENTIFIER = "com.jamesly.c-icloud.ParstagramUITests";
				PRODUCT_NAME = "$(TARGET_NAME)";
				SWIFT_EMIT_LOC_STRINGS = NO;
				SWIFT_VERSION = 5.0;
				TARGETED_DEVICE_FAMILY = "1,2";
				TEST_TARGET_NAME = Parstagram;
			};
			name = Release;
		};
/* End XCBuildConfiguration section */

/* Begin XCConfigurationList section */
		049DA5A228F499AB00282699 /* Build configuration list for PBXProject "Parstagram" */ = {
			isa = XCConfigurationList;
			buildConfigurations = (
				049DA5CF28F499AC00282699 /* Debug */,
				049DA5D028F499AC00282699 /* Release */,
			);
			defaultConfigurationIsVisible = 0;
			defaultConfigurationName = Release;
		};
		049DA5D128F499AC00282699 /* Build configuration list for PBXNativeTarget "Parstagram" */ = {
			isa = XCConfigurationList;
			buildConfigurations = (
				049DA5D228F499AC00282699 /* Debug */,
				049DA5D328F499AC00282699 /* Release */,
			);
			defaultConfigurationIsVisible = 0;
			defaultConfigurationName = Release;
		};
		049DA5D428F499AC00282699 /* Build configuration list for PBXNativeTarget "ParstagramTests" */ = {
			isa = XCConfigurationList;
			buildConfigurations = (
				049DA5D528F499AC00282699 /* Debug */,
				049DA5D628F499AC00282699 /* Release */,
			);
			defaultConfigurationIsVisible = 0;
			defaultConfigurationName = Release;
		};
		049DA5D728F499AC00282699 /* Build configuration list for PBXNativeTarget "ParstagramUITests" */ = {
			isa = XCConfigurationList;
			buildConfigurations = (
				049DA5D828F499AC00282699 /* Debug */,
				049DA5D928F499AC00282699 /* Release */,
			);
			defaultConfigurationIsVisible = 0;
			defaultConfigurationName = Release;
		};
/* End XCConfigurationList section */

/* Begin XCRemoteSwiftPackageReference section */
		049DA5DA28F4A27400282699 /* XCRemoteSwiftPackageReference "AlamofireImage" */ = {
			isa = XCRemoteSwiftPackageReference;
			repositoryURL = "https://github.com/Alamofire/AlamofireImage";
			requirement = {
				kind = upToNextMajorVersion;
				minimumVersion = 4.0.0;
			};
		};
/* End XCRemoteSwiftPackageReference section */

/* Begin XCSwiftPackageProductDependency section */
		049DA5DB28F4A27400282699 /* AlamofireImage */ = {
			isa = XCSwiftPackageProductDependency;
			package = 049DA5DA28F4A27400282699 /* XCRemoteSwiftPackageReference "AlamofireImage" */;
			productName = AlamofireImage;
		};
/* End XCSwiftPackageProductDependency section */
	};
	rootObject = 049DA59F28F499AB00282699 /* Project object */;
}
